Microsoft Visual Studio Solution File, Format Version 12.00
# Visual Studio Version 17
VisualStudioVersion = 17.5.2.0
MinimumVisualStudioVersion = 10.0.40219.1
Project("{FAE04EC0-301F-11D3-BF4B-00C04F79EFBC}") = "SuperSpace", "SuperSpace.csproj", "{9878AE91-5BE8-FC21-DBE3-834D631617ED}"
EndProject
Global
	GlobalSection(SolutionConfigurationPlatforms) = preSolution
		Debug|Any CPU = Debug|Any CPU
		Release|Any CPU = Release|Any CPU
	EndGlobalSection
	GlobalSection(ProjectConfigurationPlatforms) = postSolution
		{9878AE91-5BE8-FC21-DBE3-834D631617ED}.Debug|Any CPU.ActiveCfg = Debug|Any CPU
		{9878AE91-5BE8-FC21-DBE3-834D631617ED}.Debug|Any CPU.Build.0 = Debug|Any CPU
		{9878AE91-5BE8-FC21-DBE3-834D631617ED}.Release|Any CPU.ActiveCfg = Release|Any CPU
		{9878AE91-5BE8-FC21-DBE3-834D631617ED}.Release|Any CPU.Build.0 = Release|Any CPU
	EndGlobalSection
	GlobalSection(SolutionProperties) = preSolution
		HideSolutionNode = FALSE
	EndGlobalSection
	GlobalSection(ExtensibilityGlobals) = postSolution
		SolutionGuid = {979CDF21-C3E0-4A97-8B95-B173083EF16B}
	EndGlobalSection
EndGlobal
